// !$*UTF8*$!
{
	archiveVersion = 1;
	classes = {
	};
	objectVersion = 51;
	objects = {

/* Begin PBXBuildFile section */
		13DA7F5675874F2B3D2FA64B /* Pods_petAdopt.framework in Frameworks */ = {isa = PBXBuildFile; fileRef = 06FB527806FC8820815AABD9 /* Pods_petAdopt.framework */; };
		9672644025BD7518002A4ABB /* AppDelegate.swift in Sources */ = {isa = PBXBuildFile; fileRef = 9672643F25BD7518002A4ABB /* AppDelegate.swift */; };
		9672644225BD7518002A4ABB /* SceneDelegate.swift in Sources */ = {isa = PBXBuildFile; fileRef = 9672644125BD7518002A4ABB /* SceneDelegate.swift */; };
		9672644725BD7518002A4ABB /* Main.storyboard in Resources */ = {isa = PBXBuildFile; fileRef = 9672644525BD7518002A4ABB /* Main.storyboard */; };
		9672644925BD751B002A4ABB /* Assets.xcassets in Resources */ = {isa = PBXBuildFile; fileRef = 9672644825BD751B002A4ABB /* Assets.xcassets */; };
		9672644C25BD751B002A4ABB /* LaunchScreen.storyboard in Resources */ = {isa = PBXBuildFile; fileRef = 9672644A25BD751B002A4ABB /* LaunchScreen.storyboard */; };
		9672645A25BD762B002A4ABB /* PetCell.swift in Sources */ = {isa = PBXBuildFile; fileRef = 9672645925BD762B002A4ABB /* PetCell.swift */; };
		9672646225BD76A8002A4ABB /* PetCell.xib in Resources */ = {isa = PBXBuildFile; fileRef = 9672646125BD76A8002A4ABB /* PetCell.xib */; };
		9672646925BD8310002A4ABB /* PetsController.swift in Sources */ = {isa = PBXBuildFile; fileRef = 9672646825BD8310002A4ABB /* PetsController.swift */; };
		9672646D25BD968E002A4ABB /* UIcolor.swift in Sources */ = {isa = PBXBuildFile; fileRef = 9672646C25BD968E002A4ABB /* UIcolor.swift */; };
		9672647625BDB320002A4ABB /* AnimalsManager.swift in Sources */ = {isa = PBXBuildFile; fileRef = 9672647525BDB320002A4ABB /* AnimalsManager.swift */; };
		9672648025BDC56A002A4ABB /* endPoints.swift in Sources */ = {isa = PBXBuildFile; fileRef = 9672647F25BDC56A002A4ABB /* endPoints.swift */; };
		967264A425BFAC2B002A4ABB /* PetsViewModel.swift in Sources */ = {isa = PBXBuildFile; fileRef = 967264A325BFAC2B002A4ABB /* PetsViewModel.swift */; };
		967264A825BFAEDC002A4ABB /* DetailViewController.swift in Sources */ = {isa = PBXBuildFile; fileRef = 967264A725BFAEDC002A4ABB /* DetailViewController.swift */; };
		967264F525C0DF0B002A4ABB /* Layout.swift in Sources */ = {isa = PBXBuildFile; fileRef = 967264F425C0DF0B002A4ABB /* Layout.swift */; };
		9672653E25C46ACB002A4ABB /* Password.swift in Sources */ = {isa = PBXBuildFile; fileRef = 9672653D25C46ACB002A4ABB /* Password.swift */; };
		9672655525C47E5F002A4ABB /* generalAnimals.swift in Sources */ = {isa = PBXBuildFile; fileRef = 9672655425C47E5F002A4ABB /* generalAnimals.swift */; };
		9672655825C47E9C002A4ABB /* Animals.swift in Sources */ = {isa = PBXBuildFile; fileRef = 9672655725C47E9C002A4ABB /* Animals.swift */; };
		9672655B25C47EB2002A4ABB /* photos.swift in Sources */ = {isa = PBXBuildFile; fileRef = 9672655A25C47EB2002A4ABB /* photos.swift */; };
		9672655E25C47ECD002A4ABB /* Contacts.swift in Sources */ = {isa = PBXBuildFile; fileRef = 9672655D25C47ECD002A4ABB /* Contacts.swift */; };
		9672656C25C4D94D002A4ABB /* Pagination.swift in Sources */ = {isa = PBXBuildFile; fileRef = 9672656B25C4D94D002A4ABB /* Pagination.swift */; };
		9672656F25C4D9F2002A4ABB /* PaginationLinks.swift in Sources */ = {isa = PBXBuildFile; fileRef = 9672656E25C4D9F2002A4ABB /* PaginationLinks.swift */; };
/* End PBXBuildFile section */

/* Begin PBXFileReference section */
		06FB527806FC8820815AABD9 /* Pods_petAdopt.framework */ = {isa = PBXFileReference; explicitFileType = wrapper.framework; includeInIndex = 0; path = Pods_petAdopt.framework; sourceTree = BUILT_PRODUCTS_DIR; };
		9672643C25BD7518002A4ABB /* petAdopt.app */ = {isa = PBXFileReference; explicitFileType = wrapper.application; includeInIndex = 0; path = petAdopt.app; sourceTree = BUILT_PRODUCTS_DIR; };
		9672643F25BD7518002A4ABB /* AppDelegate.swift */ = {isa = PBXFileReference; lastKnownFileType = sourcecode.swift; path = AppDelegate.swift; sourceTree = "<group>"; };
		9672644125BD7518002A4ABB /* SceneDelegate.swift */ = {isa = PBXFileReference; lastKnownFileType = sourcecode.swift; path = SceneDelegate.swift; sourceTree = "<group>"; };
		9672644625BD7518002A4ABB /* Base */ = {isa = PBXFileReference; lastKnownFileType = file.storyboard; name = Base; path = Base.lproj/Main.storyboard; sourceTree = "<group>"; };
		9672644825BD751B002A4ABB /* Assets.xcassets */ = {isa = PBXFileReference; lastKnownFileType = folder.assetcatalog; path = Assets.xcassets; sourceTree = "<group>"; };
		9672644B25BD751B002A4ABB /* Base */ = {isa = PBXFileReference; lastKnownFileType = file.storyboard; name = Base; path = Base.lproj/LaunchScreen.storyboard; sourceTree = "<group>"; };
		9672644D25BD751B002A4ABB /* Info.plist */ = {isa = PBXFileReference; lastKnownFileType = text.plist.xml; path = Info.plist; sourceTree = "<group>"; };
		9672645925BD762B002A4ABB /* PetCell.swift */ = {isa = PBXFileReference; lastKnownFileType = sourcecode.swift; path = PetCell.swift; sourceTree = "<group>"; };
		9672646125BD76A8002A4ABB /* PetCell.xib */ = {isa = PBXFileReference; lastKnownFileType = file.xib; path = PetCell.xib; sourceTree = "<group>"; };
		9672646825BD8310002A4ABB /* PetsController.swift */ = {isa = PBXFileReference; lastKnownFileType = sourcecode.swift; path = PetsController.swift; sourceTree = "<group>"; };
		9672646C25BD968E002A4ABB /* UIcolor.swift */ = {isa = PBXFileReference; lastKnownFileType = sourcecode.swift; path = UIcolor.swift; sourceTree = "<group>"; };
		9672647525BDB320002A4ABB /* AnimalsManager.swift */ = {isa = PBXFileReference; lastKnownFileType = sourcecode.swift; path = AnimalsManager.swift; sourceTree = "<group>"; };
		9672647F25BDC56A002A4ABB /* endPoints.swift */ = {isa = PBXFileReference; lastKnownFileType = sourcecode.swift; path = endPoints.swift; sourceTree = "<group>"; };
		967264A325BFAC2B002A4ABB /* PetsViewModel.swift */ = {isa = PBXFileReference; lastKnownFileType = sourcecode.swift; path = PetsViewModel.swift; sourceTree = "<group>"; };
		967264A725BFAEDC002A4ABB /* DetailViewController.swift */ = {isa = PBXFileReference; lastKnownFileType = sourcecode.swift; path = DetailViewController.swift; sourceTree = "<group>"; };
		967264F425C0DF0B002A4ABB /* Layout.swift */ = {isa = PBXFileReference; lastKnownFileType = sourcecode.swift; path = Layout.swift; sourceTree = "<group>"; };
		9672653D25C46ACB002A4ABB /* Password.swift */ = {isa = PBXFileReference; lastKnownFileType = sourcecode.swift; path = Password.swift; sourceTree = "<group>"; };
		9672655425C47E5F002A4ABB /* generalAnimals.swift */ = {isa = PBXFileReference; lastKnownFileType = sourcecode.swift; path = generalAnimals.swift; sourceTree = "<group>"; };
		9672655725C47E9C002A4ABB /* Animals.swift */ = {isa = PBXFileReference; lastKnownFileType = sourcecode.swift; path = Animals.swift; sourceTree = "<group>"; };
		9672655A25C47EB2002A4ABB /* photos.swift */ = {isa = PBXFileReference; lastKnownFileType = sourcecode.swift; path = photos.swift; sourceTree = "<group>"; };
		9672655D25C47ECD002A4ABB /* Contacts.swift */ = {isa = PBXFileReference; lastKnownFileType = sourcecode.swift; path = Contacts.swift; sourceTree = "<group>"; };
		9672656B25C4D94D002A4ABB /* Pagination.swift */ = {isa = PBXFileReference; lastKnownFileType = sourcecode.swift; path = Pagination.swift; sourceTree = "<group>"; };
		9672656E25C4D9F2002A4ABB /* PaginationLinks.swift */ = {isa = PBXFileReference; lastKnownFileType = sourcecode.swift; path = PaginationLinks.swift; sourceTree = "<group>"; };
		D418C10ADD59B10970B3762B /* Pods-petAdopt.debug.xcconfig */ = {isa = PBXFileReference; includeInIndex = 1; lastKnownFileType = text.xcconfig; name = "Pods-petAdopt.debug.xcconfig"; path = "Target Support Files/Pods-petAdopt/Pods-petAdopt.debug.xcconfig"; sourceTree = "<group>"; };
		FF1293BDAE0A51B77C8967AE /* Pods-petAdopt.release.xcconfig */ = {isa = PBXFileReference; includeInIndex = 1; lastKnownFileType = text.xcconfig; name = "Pods-petAdopt.release.xcconfig"; path = "Target Support Files/Pods-petAdopt/Pods-petAdopt.release.xcconfig"; sourceTree = "<group>"; };
/* End PBXFileReference section */

/* Begin PBXFrameworksBuildPhase section */
		9672643925BD7518002A4ABB /* Frameworks */ = {
			isa = PBXFrameworksBuildPhase;
			buildActionMask = 2147483647;
			files = (
				13DA7F5675874F2B3D2FA64B /* Pods_petAdopt.framework in Frameworks */,
			);
			runOnlyForDeploymentPostprocessing = 0;
		};
/* End PBXFrameworksBuildPhase section */

/* Begin PBXGroup section */
		8CE6AB466E60F030D4382BDF /* Pods */ = {
			isa = PBXGroup;
			children = (
				D418C10ADD59B10970B3762B /* Pods-petAdopt.debug.xcconfig */,
				FF1293BDAE0A51B77C8967AE /* Pods-petAdopt.release.xcconfig */,
			);
			path = Pods;
			sourceTree = "<group>";
		};
		9672643325BD7518002A4ABB = {
			isa = PBXGroup;
			children = (
				9672643F25BD7518002A4ABB /* AppDelegate.swift */,
				9672644125BD7518002A4ABB /* SceneDelegate.swift */,
				9672644A25BD751B002A4ABB /* LaunchScreen.storyboard */,
				967264F325C0DECF002A4ABB /* PrototypeLayout */,
				9672643E25BD7518002A4ABB /* petAdopt */,
				9672643D25BD7518002A4ABB /* Products */,
				8CE6AB466E60F030D4382BDF /* Pods */,
				BBCDE5718C0525B3DD4D5998 /* Frameworks */,
			);
			sourceTree = "<group>";
		};
		9672643D25BD7518002A4ABB /* Products */ = {
			isa = PBXGroup;
			children = (
				9672643C25BD7518002A4ABB /* petAdopt.app */,
			);
			name = Products;
			sourceTree = "<group>";
		};
		9672643E25BD7518002A4ABB /* petAdopt */ = {
			isa = PBXGroup;
			children = (
				9672645525BD760A002A4ABB /* common */,
				9672646F25BD97C3002A4ABB /* Manager */,
				9672647025BD97FF002A4ABB /* DATA */,
				9672646B25BD9679002A4ABB /* Extensions */,
				9672645725BD7614002A4ABB /* controllers */,
				9672644525BD7518002A4ABB /* Main.storyboard */,
				9672646125BD76A8002A4ABB /* PetCell.xib */,
				9672644825BD751B002A4ABB /* Assets.xcassets */,
				9672644D25BD751B002A4ABB /* Info.plist */,
			);
			path = petAdopt;
			sourceTree = "<group>";
		};
		9672645525BD760A002A4ABB /* common */ = {
			isa = PBXGroup;
			children = (
				967264A325BFAC2B002A4ABB /* PetsViewModel.swift */,
				9672647F25BDC56A002A4ABB /* endPoints.swift */,
			);
			path = common;
			sourceTree = "<group>";
		};
		9672645725BD7614002A4ABB /* controllers */ = {
			isa = PBXGroup;
			children = (
				9672646825BD8310002A4ABB /* PetsController.swift */,
				967264A725BFAEDC002A4ABB /* DetailViewController.swift */,
				9672645925BD762B002A4ABB /* PetCell.swift */,
			);
			path = controllers;
			sourceTree = "<group>";
		};
		9672646B25BD9679002A4ABB /* Extensions */ = {
			isa = PBXGroup;
			children = (
				9672646C25BD968E002A4ABB /* UIcolor.swift */,
			);
			path = Extensions;
			sourceTree = "<group>";
		};
		9672646F25BD97C3002A4ABB /* Manager */ = {
			isa = PBXGroup;
			children = (
				9672647525BDB320002A4ABB /* AnimalsManager.swift */,
			);
			path = Manager;
			sourceTree = "<group>";
		};
		9672647025BD97FF002A4ABB /* DATA */ = {
			isa = PBXGroup;
			children = (
				9672655425C47E5F002A4ABB /* generalAnimals.swift */,
				9672655725C47E9C002A4ABB /* Animals.swift */,
				9672655A25C47EB2002A4ABB /* photos.swift */,
				9672655D25C47ECD002A4ABB /* Contacts.swift */,
				9672653D25C46ACB002A4ABB /* Password.swift */,
				9672656B25C4D94D002A4ABB /* Pagination.swift */,
				9672656E25C4D9F2002A4ABB /* PaginationLinks.swift */,
			);
			path = DATA;
			sourceTree = "<group>";
		};
		967264F325C0DECF002A4ABB /* PrototypeLayout */ = {
			isa = PBXGroup;
			children = (
				967264F425C0DF0B002A4ABB /* Layout.swift */,
			);
			name = PrototypeLayout;
			path = "Maquetación";
			sourceTree = "<group>";
		};
		BBCDE5718C0525B3DD4D5998 /* Frameworks */ = {
			isa = PBXGroup;
			children = (
				06FB527806FC8820815AABD9 /* Pods_petAdopt.framework */,
			);
			name = Frameworks;
			sourceTree = "<group>";
		};
/* End PBXGroup section */

/* Begin PBXNativeTarget section */
		9672643B25BD7518002A4ABB /* petAdopt */ = {
			isa = PBXNativeTarget;
			buildConfigurationList = 9672645025BD751B002A4ABB /* Build configuration list for PBXNativeTarget "petAdopt" */;
			buildPhases = (
				84BEEB3D80846DDD7C5F1C69 /* [CP] Check Pods Manifest.lock */,
				9672643825BD7518002A4ABB /* Sources */,
				9672643925BD7518002A4ABB /* Frameworks */,
				9672643A25BD7518002A4ABB /* Resources */,
				52F24A8311D4EE6384B920FA /* [CP] Embed Pods Frameworks */,
			);
			buildRules = (
			);
			dependencies = (
			);
			name = petAdopt;
			productName = petAdopt;
			productReference = 9672643C25BD7518002A4ABB /* petAdopt.app */;
			productType = "com.apple.product-type.application";
		};
/* End PBXNativeTarget section */

/* Begin PBXProject section */
		9672643425BD7518002A4ABB /* Project object */ = {
			isa = PBXProject;
			attributes = {
				LastSwiftUpdateCheck = 1200;
				LastUpgradeCheck = 1200;
				TargetAttributes = {
					9672643B25BD7518002A4ABB = {
						CreatedOnToolsVersion = 12.0.1;
					};
				};
			};
			buildConfigurationList = 9672643725BD7518002A4ABB /* Build configuration list for PBXProject "petAdopt" */;
			compatibilityVersion = "Xcode 9.3";
			developmentRegion = en;
			hasScannedForEncodings = 0;
			knownRegions = (
				en,
				Base,
			);
			mainGroup = 9672643325BD7518002A4ABB;
			productRefGroup = 9672643D25BD7518002A4ABB /* Products */;
			projectDirPath = "";
			projectRoot = "";
			targets = (
				9672643B25BD7518002A4ABB /* petAdopt */,
			);
		};
/* End PBXProject section */

/* Begin PBXResourcesBuildPhase section */
		9672643A25BD7518002A4ABB /* Resources */ = {
			isa = PBXResourcesBuildPhase;
			buildActionMask = 2147483647;
			files = (
				9672644C25BD751B002A4ABB /* LaunchScreen.storyboard in Resources */,
				9672646225BD76A8002A4ABB /* PetCell.xib in Resources */,
				9672644925BD751B002A4ABB /* Assets.xcassets in Resources */,
				9672644725BD7518002A4ABB /* Main.storyboard in Resources */,
			);
			runOnlyForDeploymentPostprocessing = 0;
		};
/* End PBXResourcesBuildPhase section */

/* Begin PBXShellScriptBuildPhase section */
		52F24A8311D4EE6384B920FA /* [CP] Embed Pods Frameworks */ = {
			isa = PBXShellScriptBuildPhase;
			buildActionMask = 2147483647;
			files = (
			);
			inputFileListPaths = (
				"${PODS_ROOT}/Target Support Files/Pods-petAdopt/Pods-petAdopt-frameworks-${CONFIGURATION}-input-files.xcfilelist",
			);
			name = "[CP] Embed Pods Frameworks";
			outputFileListPaths = (
				"${PODS_ROOT}/Target Support Files/Pods-petAdopt/Pods-petAdopt-frameworks-${CONFIGURATION}-output-files.xcfilelist",
			);
			runOnlyForDeploymentPostprocessing = 0;
			shellPath = /bin/sh;
			shellScript = "\"${PODS_ROOT}/Target Support Files/Pods-petAdopt/Pods-petAdopt-frameworks.sh\"\n";
			showEnvVarsInLog = 0;
		};
		84BEEB3D80846DDD7C5F1C69 /* [CP] Check Pods Manifest.lock */ = {
			isa = PBXShellScriptBuildPhase;
			buildActionMask = 2147483647;
			files = (
			);
			inputFileListPaths = (
			);
			inputPaths = (
				"${PODS_PODFILE_DIR_PATH}/Podfile.lock",
				"${PODS_ROOT}/Manifest.lock",
			);
			name = "[CP] Check Pods Manifest.lock";
			outputFileListPaths = (
			);
			outputPaths = (
				"$(DERIVED_FILE_DIR)/Pods-petAdopt-checkManifestLockResult.txt",
			);
			runOnlyForDeploymentPostprocessing = 0;
			shellPath = /bin/sh;
			shellScript = "diff \"${PODS_PODFILE_DIR_PATH}/Podfile.lock\" \"${PODS_ROOT}/Manifest.lock\" > /dev/null\nif [ $? != 0 ] ; then\n    # print error to STDERR\n    echo \"error: The sandbox is not in sync with the Podfile.lock. Run 'pod install' or update your CocoaPods installation.\" >&2\n    exit 1\nfi\n# This output is used by Xcode 'outputs' to avoid re-running this script phase.\necho \"SUCCESS\" > \"${SCRIPT_OUTPUT_FILE_0}\"\n";
			showEnvVarsInLog = 0;
		};
/* End PBXShellScriptBuildPhase section */

/* Begin PBXSourcesBuildPhase section */
		9672643825BD7518002A4ABB /* Sources */ = {
			isa = PBXSourcesBuildPhase;
			buildActionMask = 2147483647;
			files = (
				9672655525C47E5F002A4ABB /* generalAnimals.swift in Sources */,
				9672648025BDC56A002A4ABB /* endPoints.swift in Sources */,
				9672646925BD8310002A4ABB /* PetsController.swift in Sources */,
				967264A825BFAEDC002A4ABB /* DetailViewController.swift in Sources */,
				9672655B25C47EB2002A4ABB /* photos.swift in Sources */,
				9672656C25C4D94D002A4ABB /* Pagination.swift in Sources */,
				9672653E25C46ACB002A4ABB /* Password.swift in Sources */,
				967264F525C0DF0B002A4ABB /* Layout.swift in Sources */,
				9672655E25C47ECD002A4ABB /* Contacts.swift in Sources */,
				9672645A25BD762B002A4ABB /* PetCell.swift in Sources */,
				9672646D25BD968E002A4ABB /* UIcolor.swift in Sources */,
				9672644025BD7518002A4ABB /* AppDelegate.swift in Sources */,
				9672656F25C4D9F2002A4ABB /* PaginationLinks.swift in Sources */,
				9672644225BD7518002A4ABB /* SceneDelegate.swift in Sources */,
				967264A425BFAC2B002A4ABB /* PetsViewModel.swift in Sources */,
				9672647625BDB320002A4ABB /* AnimalsManager.swift in Sources */,
				9672655825C47E9C002A4ABB /* Animals.swift in Sources */,
			);
			runOnlyForDeploymentPostprocessing = 0;
		};
/* End PBXSourcesBuildPhase section */

/* Begin PBXVariantGroup section */
		9672644525BD7518002A4ABB /* Main.storyboard */ = {
			isa = PBXVariantGroup;
			children = (
				9672644625BD7518002A4ABB /* Base */,
			);
			name = Main.storyboard;
			sourceTree = "<group>";
		};
		9672644A25BD751B002A4ABB /* LaunchScreen.storyboard */ = {
			isa = PBXVariantGroup;
			children = (
				9672644B25BD751B002A4ABB /* Base */,
			);
			name = LaunchScreen.storyboard;
			sourceTree = "<group>";
		};
/* End PBXVariantGroup section */

/* Begin XCBuildConfiguration section */
		9672644E25BD751B002A4ABB /* Debug */ = {
			isa = XCBuildConfiguration;
			buildSettings = {
				ALWAYS_SEARCH_USER_PATHS = NO;
				CLANG_ANALYZER_NONNULL = YES;
				CLANG_ANALYZER_NUMBER_OBJECT_CONVERSION = YES_AGGRESSIVE;
				CLANG_CXX_LANGUAGE_STANDARD = "gnu++14";
				CLANG_CXX_LIBRARY = "libc++";
				CLANG_ENABLE_MODULES = YES;
				CLANG_ENABLE_OBJC_ARC = YES;
				CLANG_ENABLE_OBJC_WEAK = YES;
				CLANG_WARN_BLOCK_CAPTURE_AUTORELEASING = YES;
				CLANG_WARN_BOOL_CONVERSION = YES;
				CLANG_WARN_COMMA = YES;
				CLANG_WARN_CONSTANT_CONVERSION = YES;
				CLANG_WARN_DEPRECATED_OBJC_IMPLEMENTATIONS = YES;
				CLANG_WARN_DIRECT_OBJC_ISA_USAGE = YES_ERROR;
				CLANG_WARN_DOCUMENTATION_COMMENTS = YES;
				CLANG_WARN_EMPTY_BODY = YES;
				CLANG_WARN_ENUM_CONVERSION = YES;
				CLANG_WARN_INFINITE_RECURSION = YES;
				CLANG_WARN_INT_CONVERSION = YES;
				CLANG_WARN_NON_LITERAL_NULL_CONVERSION = YES;
				CLANG_WARN_OBJC_IMPLICIT_RETAIN_SELF = YES;
				CLANG_WARN_OBJC_LITERAL_CONVERSION = YES;
				CLANG_WARN_OBJC_ROOT_CLASS = YES_ERROR;
				CLANG_WARN_QUOTED_INCLUDE_IN_FRAMEWORK_HEADER = YES;
				CLANG_WARN_RANGE_LOOP_ANALYSIS = YES;
				CLANG_WARN_STRICT_PROTOTYPES = YES;
				CLANG_WARN_SUSPICIOUS_MOVE = YES;
				CLANG_WARN_UNGUARDED_AVAILABILITY = YES_AGGRESSIVE;
				CLANG_WARN_UNREACHABLE_CODE = YES;
				CLANG_WARN__DUPLICATE_METHOD_MATCH = YES;
				COPY_PHASE_STRIP = NO;
				DEBUG_INFORMATION_FORMAT = dwarf;
				ENABLE_STRICT_OBJC_MSGSEND = YES;
				ENABLE_TESTABILITY = YES;
				GCC_C_LANGUAGE_STANDARD = gnu11;
				GCC_DYNAMIC_NO_PIC = NO;
				GCC_NO_COMMON_BLOCKS = YES;
				GCC_OPTIMIZATION_LEVEL = 0;
				GCC_PREPROCESSOR_DEFINITIONS = (
					"DEBUG=1",
					"$(inherited)",
				);
				GCC_WARN_64_TO_32_BIT_CONVERSION = YES;
				GCC_WARN_ABOUT_RETURN_TYPE = YES_ERROR;
				GCC_WARN_UNDECLARED_SELECTOR = YES;
				GCC_WARN_UNINITIALIZED_AUTOS = YES_AGGRESSIVE;
				GCC_WARN_UNUSED_FUNCTION = YES;
				GCC_WARN_UNUSED_VARIABLE = YES;
				IPHONEOS_DEPLOYMENT_TARGET = 14.0;
				MTL_ENABLE_DEBUG_INFO = INCLUDE_SOURCE;
				MTL_FAST_MATH = YES;
				ONLY_ACTIVE_ARCH = YES;
				SDKROOT = iphoneos;
				SWIFT_ACTIVE_COMPILATION_CONDITIONS = DEBUG;
				SWIFT_OPTIMIZATION_LEVEL = "-Onone";
			};
			name = Debug;
		};
		9672644F25BD751B002A4ABB /* Release */ = {
			isa = XCBuildConfiguration;
			buildSettings = {
				ALWAYS_SEARCH_USER_PATHS = NO;
				CLANG_ANALYZER_NONNULL = YES;
				CLANG_ANALYZER_NUMBER_OBJECT_CONVERSION = YES_AGGRESSIVE;
				CLANG_CXX_LANGUAGE_STANDARD = "gnu++14";
				CLANG_CXX_LIBRARY = "libc++";
				CLANG_ENABLE_MODULES = YES;
				CLANG_ENABLE_OBJC_ARC = YES;
				CLANG_ENABLE_OBJC_WEAK = YES;
				CLANG_WARN_BLOCK_CAPTURE_AUTORELEASING = YES;
				CLANG_WARN_BOOL_CONVERSION = YES;
				CLANG_WARN_COMMA = YES;
				CLANG_WARN_CONSTANT_CONVERSION = YES;
				CLANG_WARN_DEPRECATED_OBJC_IMPLEMENTATIONS = YES;
				CLANG_WARN_DIRECT_OBJC_ISA_USAGE = YES_ERROR;
				CLANG_WARN_DOCUMENTATION_COMMENTS = YES;
				CLANG_WARN_EMPTY_BODY = YES;
				CLANG_WARN_ENUM_CONVERSION = YES;
				CLANG_WARN_INFINITE_RECURSION = YES;
				CLANG_WARN_INT_CONVERSION = YES;
				CLANG_WARN_NON_LITERAL_NULL_CONVERSION = YES;
				CLANG_WARN_OBJC_IMPLICIT_RETAIN_SELF = YES;
				CLANG_WARN_OBJC_LITERAL_CONVERSION = YES;
				CLANG_WARN_OBJC_ROOT_CLASS = YES_ERROR;
				CLANG_WARN_QUOTED_INCLUDE_IN_FRAMEWORK_HEADER = YES;
				CLANG_WARN_RANGE_LOOP_ANALYSIS = YES;
				CLANG_WARN_STRICT_PROTOTYPES = YES;
				CLANG_WARN_SUSPICIOUS_MOVE = YES;
				CLANG_WARN_UNGUARDED_AVAILABILITY = YES_AGGRESSIVE;
				CLANG_WARN_UNREACHABLE_CODE = YES;
				CLANG_WARN__DUPLICATE_METHOD_MATCH = YES;
				COPY_PHASE_STRIP = NO;
				DEBUG_INFORMATION_FORMAT = "dwarf-with-dsym";
				ENABLE_NS_ASSERTIONS = NO;
				ENABLE_STRICT_OBJC_MSGSEND = YES;
				GCC_C_LANGUAGE_STANDARD = gnu11;
				GCC_NO_COMMON_BLOCKS = YES;
				GCC_WARN_64_TO_32_BIT_CONVERSION = YES;
				GCC_WARN_ABOUT_RETURN_TYPE = YES_ERROR;
				GCC_WARN_UNDECLARED_SELECTOR = YES;
				GCC_WARN_UNINITIALIZED_AUTOS = YES_AGGRESSIVE;
				GCC_WARN_UNUSED_FUNCTION = YES;
				GCC_WARN_UNUSED_VARIABLE = YES;
				IPHONEOS_DEPLOYMENT_TARGET = 14.0;
				MTL_ENABLE_DEBUG_INFO = NO;
				MTL_FAST_MATH = YES;
				SDKROOT = iphoneos;
				SWIFT_COMPILATION_MODE = wholemodule;
				SWIFT_OPTIMIZATION_LEVEL = "-O";
				VALIDATE_PRODUCT = YES;
			};
			name = Release;
		};
		9672645125BD751B002A4ABB /* Debug */ = {
			isa = XCBuildConfiguration;
			baseConfigurationReference = D418C10ADD59B10970B3762B /* Pods-petAdopt.debug.xcconfig */;
			buildSettings = {
				ASSETCATALOG_COMPILER_APPICON_NAME = AppIcon;
				ASSETCATALOG_COMPILER_GLOBAL_ACCENT_COLOR_NAME = AccentColor;
				CODE_SIGN_STYLE = Automatic;
				INFOPLIST_FILE = petAdopt/Info.plist;
				LD_RUNPATH_SEARCH_PATHS = (
					"$(inherited)",
					"@executable_path/Frameworks",
				);
				PRODUCT_BUNDLE_IDENTIFIER = animals.marta.petAdopt;
				PRODUCT_NAME = "$(TARGET_NAME)";
				SWIFT_VERSION = 5.0;
				TARGETED_DEVICE_FAMILY = "1,2";
			};
			name = Debug;
		};
		9672645225BD751B002A4ABB /* Release */ = {
			isa = XCBuildConfiguration;
			baseConfigurationReference = FF1293BDAE0A51B77C8967AE /* Pods-petAdopt.release.xcconfig */;
			buildSettings = {
				ASSETCATALOG_COMPILER_APPICON_NAME = AppIcon;
				ASSETCATALOG_COMPILER_GLOBAL_ACCENT_COLOR_NAME = AccentColor;
				CODE_SIGN_STYLE = Automatic;
				INFOPLIST_FILE = petAdopt/Info.plist;
				LD_RUNPATH_SEARCH_PATHS = (
					"$(inherited)",
					"@executable_path/Frameworks",
				);
				PRODUCT_BUNDLE_IDENTIFIER = animals.marta.petAdopt;
				PRODUCT_NAME = "$(TARGET_NAME)";
				SWIFT_VERSION = 5.0;
				TARGETED_DEVICE_FAMILY = "1,2";
			};
			name = Release;
		};
/* End XCBuildConfiguration section */

/* Begin XCConfigurationList section */
		9672643725BD7518002A4ABB /* Build configuration list for PBXProject "petAdopt" */ = {
			isa = XCConfigurationList;
			buildConfigurations = (
				9672644E25BD751B002A4ABB /* Debug */,
				9672644F25BD751B002A4ABB /* Release */,
			);
			defaultConfigurationIsVisible = 0;
			defaultConfigurationName = Release;
		};
		9672645025BD751B002A4ABB /* Build configuration list for PBXNativeTarget "petAdopt" */ = {
			isa = XCConfigurationList;
			buildConfigurations = (
				9672645125BD751B002A4ABB /* Debug */,
				9672645225BD751B002A4ABB /* Release */,
			);
			defaultConfigurationIsVisible = 0;
			defaultConfigurationName = Release;
		};
/* End XCConfigurationList section */
	};
	rootObject = 9672643425BD7518002A4ABB /* Project object */;
}
